{
  "version": 4,
  "terraform_version": "1.0.3",
  "serial": 19,
  "lineage": "8f5ad176-19fc-483e-7b38-1ac79c08bae9",
  "outputs": {
    "external_ip_address_vm-1": {
      "value": "178.154.222.148",
      "type": "string"
    },
    "internal_ip_address_vm-1": {
      "value": "10.128.0.21",
      "type": "string"
    }
  },
  "resources": [
    {
      "mode": "managed",
      "type": "yandex_compute_instance",
      "name": "vm-1",
      "provider": "provider[\"registry.terraform.io/yandex-cloud/yandex\"]",
      "instances": [
        {
          "schema_version": 1,
          "attributes": {
            "allow_stopping_for_update": null,
            "boot_disk": [
              {
                "auto_delete": true,
                "device_name": "fhmmeql43be07obsq33q",
                "disk_id": "fhmmeql43be07obsq33q",
                "initialize_params": [
                  {
                    "description": "",
                    "image_id": "fd8vmcue7aajpmeo39kk",
                    "name": "",
                    "size": 3,
                    "snapshot_id": "",
                    "type": "network-hdd"
                  }
                ],
                "mode": "READ_WRITE"
              }
            ],
            "created_at": "2021-08-08T18:20:34Z",
            "description": "",
            "folder_id": "b1g51c1p89s3mg4akr2f",
            "fqdn": "fhmotqlkhk91eqn99pb0.auto.internal",
            "hostname": "fhmotqlkhk91eqn99pb0",
            "id": "fhmotqlkhk91eqn99pb0",
            "labels": null,
            "metadata": {
              "ssh-keys": "ubuntu:ssh-rsa AAAAB3NzaC1yc2EAAAADAQABAAACAQCj3kZP1Hi0wKXlBPWKppwhN1IUYnUTCeqVVqhYs9uh0hBJHrQvW80oWfrNU88CibXTxbU3ub+EwHFnxij/GFHXL7Ay98Xeus6SqWcwXrfGAR5wRmNASSu7qxyrz+sSjh7KNQW4teiJsPLcszMtzcguXfpKJRJtc5gLrcXAF/kfO1H3u8O+Mmb/swdIqwtbgYM01MWS0On3Q2ZTJPXn9WpUj5oZYOG/zTWhSw7ir6/BJIEPKHMRmIhDMN9YOejBU0pFzr6dD8lVR6Ob3AOFdG0s+uTNHUx8MusIMHCpS7k2sDKRvtmIcjvKvEb2Ceg+13RMCwsXLNSHJRqMlZkAmrfwAHIMDtwRuHBz5Sx/hvx2Sd2e1XL2k6oEQ2nj10hlnigqONrN9872zitZvGKShWrgAGEdtQmrK2uTTNh/qE6oydjzrYBby6CGnZLR/9p9BXJJOKZyPVPGInSXNfkb/qxTa6amp6LUXigIVTrome8CyhxHXLK4k8Nv4ZW7Q3lujSDBlw8OMT7wy/0kijnijL6g7dUkMHCdXnO9iQnZ6Xuswfgvtl9XucXObdRzAC+CzeTxPZoB2wJK9yt/+S40LOfb4BGZZbWDWMgso+mcknMFHqKubvn8/NghJoZHj7G7o7qj94yaZNHbkDNzb6uL+2aDvsQrv8IrbbmmGnGQ3etrXw== kano@covenant\n"
            },
            "name": "tf-student1",
            "network_acceleration_type": "standard",
            "network_interface": [
              {
                "dns_record": [],
                "index": 0,
                "ip_address": "10.128.0.21",
                "ipv4": true,
                "ipv6": false,
                "ipv6_address": "",
                "ipv6_dns_record": [],
                "mac_address": "d0:0d:18:ee:ab:48",
                "nat": true,
                "nat_dns_record": [],
                "nat_ip_address": "178.154.222.148",
                "nat_ip_version": "IPV4",
                "security_group_ids": [],
                "subnet_id": "e9budd9hbbvu94tsklok"
              }
            ],
            "placement_policy": [
              {
                "placement_group_id": ""
              }
            ],
            "platform_id": "standard-v1",
            "resources": [
              {
                "core_fraction": 100,
                "cores": 2,
                "gpus": 0,
                "memory": 2
              }
            ],
            "scheduling_policy": [
              {
                "preemptible": false
              }
            ],
            "secondary_disk": [],
            "service_account_id": "",
            "status": "running",
            "timeouts": null,
            "zone": "ru-central1-a"
          },
          "sensitive_attributes": [],
          "private": "eyJlMmJmYjczMC1lY2FhLTExZTYtOGY4OC0zNDM2M2JjN2M0YzAiOnsiY3JlYXRlIjozMDAwMDAwMDAwMDAsImRlbGV0ZSI6MzAwMDAwMDAwMDAwLCJ1cGRhdGUiOjMwMDAwMDAwMDAwMH0sInNjaGVtYV92ZXJzaW9uIjoiMSJ9"
        }
      ]
    }
  ]
}
